// !$*UTF8*$!
{
	archiveVersion = 1;
	classes = {
	};
	objectVersion = 46;
	objects = {

/* Begin PBXBuildFile section */
		FC1594BA1AE36F8700F5E7F0 /* Info.plist in Resources */ = {isa = PBXBuildFile; fileRef = FC1594B91AE36F8700F5E7F0 /* Info.plist */; };
		FC2528731AE3637000DBF9AE /* IMG_0369.jpg in Resources */ = {isa = PBXBuildFile; fileRef = FC2528721AE3637000DBF9AE /* IMG_0369.jpg */; };
		FC2528791AE3675700DBF9AE /* Default-568h@2x.png in Resources */ = {isa = PBXBuildFile; fileRef = FC2528781AE3675700DBF9AE /* Default-568h@2x.png */; };
		FC3946E61AE370D100BD983E /* main.m in Sources */ = {isa = PBXBuildFile; fileRef = FC3946E51AE370D100BD983E /* main.m */; };
		FC57B3181AE3ABA000875B06 /* RateViewController.m in Sources */ = {isa = PBXBuildFile; fileRef = FC57B3171AE3ABA000875B06 /* RateViewController.m */; };
		FC57B31A1AE3B7CB00875B06 /* ParseUI.framework in Frameworks */ = {isa = PBXBuildFile; fileRef = FC57B3191AE3B7CB00875B06 /* ParseUI.framework */; };
		FC57B32F1AE3CEDF00875B06 /* HotPersonViewController.m in Sources */ = {isa = PBXBuildFile; fileRef = FC57B32E1AE3CEDF00875B06 /* HotPersonViewController.m */; };
		FC57B3311AE3DE9600875B06 /* Russell.jpg in Resources */ = {isa = PBXBuildFile; fileRef = FC57B3301AE3DE9600875B06 /* Russell.jpg */; };
		FC7BBBC81AE320A700126E57 /* AppDelegate.m in Sources */ = {isa = PBXBuildFile; fileRef = FC7BBBC71AE320A700126E57 /* AppDelegate.m */; };
		FC7BBBCB1AE320A700126E57 /* ViewController.m in Sources */ = {isa = PBXBuildFile; fileRef = FC7BBBCA1AE320A700126E57 /* ViewController.m */; };
		FC7BBBCE1AE320A700126E57 /* Main.storyboard in Resources */ = {isa = PBXBuildFile; fileRef = FC7BBBCC1AE320A700126E57 /* Main.storyboard */; };
		FC7BBBD01AE320A700126E57 /* Images.xcassets in Resources */ = {isa = PBXBuildFile; fileRef = FC7BBBCF1AE320A700126E57 /* Images.xcassets */; };
		FC7BBBD31AE320A700126E57 /* LaunchScreen.xib in Resources */ = {isa = PBXBuildFile; fileRef = FC7BBBD11AE320A700126E57 /* LaunchScreen.xib */; };
		FC7BBBDF1AE320A700126E57 /* Hot_or_NotTests.m in Sources */ = {isa = PBXBuildFile; fileRef = FC7BBBDE1AE320A700126E57 /* Hot_or_NotTests.m */; };
		FC7BD9561AE33649002D6E64 /* Parse.framework in Frameworks */ = {isa = PBXBuildFile; fileRef = FC7BD9551AE33649002D6E64 /* Parse.framework */; };
		FC7BD9581AE3365A002D6E64 /* Bolts.framework in Frameworks */ = {isa = PBXBuildFile; fileRef = FC7BD9571AE3365A002D6E64 /* Bolts.framework */; };
		FC7BD95B1AE336EC002D6E64 /* AudioToolbox.framework in Frameworks */ = {isa = PBXBuildFile; fileRef = FC7BD9591AE336EC002D6E64 /* AudioToolbox.framework */; };
		FC7BD95C1AE336EC002D6E64 /* CFNetwork.framework in Frameworks */ = {isa = PBXBuildFile; fileRef = FC7BD95A1AE336EC002D6E64 /* CFNetwork.framework */; };
		FC7BD95E1AE336F5002D6E64 /* CoreGraphics.framework in Frameworks */ = {isa = PBXBuildFile; fileRef = FC7BD95D1AE336F5002D6E64 /* CoreGraphics.framework */; };
		FC7BD9601AE33735002D6E64 /* CoreLocation.framework in Frameworks */ = {isa = PBXBuildFile; fileRef = FC7BD95F1AE33735002D6E64 /* CoreLocation.framework */; };
		FC7BD9621AE33744002D6E64 /* MobileCoreServices.framework in Frameworks */ = {isa = PBXBuildFile; fileRef = FC7BD9611AE33744002D6E64 /* MobileCoreServices.framework */; };
		FC7BD9641AE3374D002D6E64 /* QuartzCore.framework in Frameworks */ = {isa = PBXBuildFile; fileRef = FC7BD9631AE3374D002D6E64 /* QuartzCore.framework */; };
		FC7BD9661AE33759002D6E64 /* Security.framework in Frameworks */ = {isa = PBXBuildFile; fileRef = FC7BD9651AE33759002D6E64 /* Security.framework */; };
		FC7BD96A1AE33773002D6E64 /* SystemConfiguration.framework in Frameworks */ = {isa = PBXBuildFile; fileRef = FC7BD9691AE33773002D6E64 /* SystemConfiguration.framework */; };
		FC7BD96C1AE33791002D6E64 /* libz.dylib in Frameworks */ = {isa = PBXBuildFile; fileRef = FC7BD96B1AE33791002D6E64 /* libz.dylib */; };
		FC7BD96E1AE337A5002D6E64 /* libsqlite3.dylib in Frameworks */ = {isa = PBXBuildFile; fileRef = FC7BD96D1AE337A5002D6E64 /* libsqlite3.dylib */; };
		FCD7FB171AE40903007F933B /* tfss-05776168-01a9-47ff-9218-ac3577467c9e.png in Resources */ = {isa = PBXBuildFile; fileRef = FCD7FB161AE40903007F933B /* tfss-05776168-01a9-47ff-9218-ac3577467c9e.png */; };
		FCD7FB191AE40A3E007F933B /* tfss-c22dcb3c-5d8a-4d39-a827-9d1ef6097a86.png in Resources */ = {isa = PBXBuildFile; fileRef = FCD7FB181AE40A3E007F933B /* tfss-c22dcb3c-5d8a-4d39-a827-9d1ef6097a86.png */; };
		FCD7FB1B1AE412E1007F933B /* Wonder-50-Chili-Pepper-Static-Image.jpg in Resources */ = {isa = PBXBuildFile; fileRef = FCD7FB1A1AE412E1007F933B /* Wonder-50-Chili-Pepper-Static-Image.jpg */; };
/* End PBXBuildFile section */

/* Begin PBXContainerItemProxy section */
		FC7BBBD91AE320A700126E57 /* PBXContainerItemProxy */ = {
			isa = PBXContainerItemProxy;
			containerPortal = FC7BBBB71AE320A700126E57 /* Project object */;
			proxyType = 1;
			remoteGlobalIDString = FC7BBBBE1AE320A700126E57;
			remoteInfo = "Hot or Not";
		};
/* End PBXContainerItemProxy section */

/* Begin PBXFileReference section */
		FC1594B91AE36F8700F5E7F0 /* Info.plist */ = {isa = PBXFileReference; fileEncoding = 4; lastKnownFileType = text.plist.xml; path = Info.plist; sourceTree = "<group>"; };
		FC2528721AE3637000DBF9AE /* IMG_0369.jpg */ = {isa = PBXFileReference; lastKnownFileType = image.jpeg; path = IMG_0369.jpg; sourceTree = "<group>"; };
		FC2528781AE3675700DBF9AE /* Default-568h@2x.png */ = {isa = PBXFileReference; lastKnownFileType = image.png; path = "Default-568h@2x.png"; sourceTree = "<group>"; };
		FC3946E51AE370D100BD983E /* main.m */ = {isa = PBXFileReference; fileEncoding = 4; lastKnownFileType = sourcecode.c.objc; path = main.m; sourceTree = "<group>"; };
		FC3946E71AE3A90400BD983E /* RateViewController.h */ = {isa = PBXFileReference; lastKnownFileType = sourcecode.c.h; path = RateViewController.h; sourceTree = "<group>"; };
		FC57B3171AE3ABA000875B06 /* RateViewController.m */ = {isa = PBXFileReference; fileEncoding = 4; lastKnownFileType = sourcecode.c.objc; path = RateViewController.m; sourceTree = "<group>"; };
		FC57B3191AE3B7CB00875B06 /* ParseUI.framework */ = {isa = PBXFileReference; lastKnownFileType = wrapper.framework; path = ParseUI.framework; sourceTree = "<group>"; };
		FC57B32D1AE3CEDF00875B06 /* HotPersonViewController.h */ = {isa = PBXFileReference; fileEncoding = 4; lastKnownFileType = sourcecode.c.h; path = HotPersonViewController.h; sourceTree = "<group>"; };
		FC57B32E1AE3CEDF00875B06 /* HotPersonViewController.m */ = {isa = PBXFileReference; fileEncoding = 4; lastKnownFileType = sourcecode.c.objc; path = HotPersonViewController.m; sourceTree = "<group>"; };
		FC57B3301AE3DE9600875B06 /* Russell.jpg */ = {isa = PBXFileReference; lastKnownFileType = image.jpeg; path = Russell.jpg; sourceTree = "<group>"; };
		FC7BBBBF1AE320A700126E57 /* Hot or Not.app */ = {isa = PBXFileReference; explicitFileType = wrapper.application; includeInIndex = 0; path = "Hot or Not.app"; sourceTree = BUILT_PRODUCTS_DIR; };
		FC7BBBC61AE320A700126E57 /* AppDelegate.h */ = {isa = PBXFileReference; lastKnownFileType = sourcecode.c.h; path = AppDelegate.h; sourceTree = "<group>"; };
		FC7BBBC71AE320A700126E57 /* AppDelegate.m */ = {isa = PBXFileReference; lastKnownFileType = sourcecode.c.objc; path = AppDelegate.m; sourceTree = "<group>"; };
		FC7BBBC91AE320A700126E57 /* ViewController.h */ = {isa = PBXFileReference; lastKnownFileType = sourcecode.c.h; path = ViewController.h; sourceTree = "<group>"; };
		FC7BBBCA1AE320A700126E57 /* ViewController.m */ = {isa = PBXFileReference; lastKnownFileType = sourcecode.c.objc; path = ViewController.m; sourceTree = "<group>"; };
		FC7BBBCD1AE320A700126E57 /* Base */ = {isa = PBXFileReference; lastKnownFileType = file.storyboard; name = Base; path = Base.lproj/Main.storyboard; sourceTree = "<group>"; };
		FC7BBBCF1AE320A700126E57 /* Images.xcassets */ = {isa = PBXFileReference; lastKnownFileType = folder.assetcatalog; path = Images.xcassets; sourceTree = "<group>"; };
		FC7BBBD21AE320A700126E57 /* Base */ = {isa = PBXFileReference; lastKnownFileType = file.xib; name = Base; path = Base.lproj/LaunchScreen.xib; sourceTree = "<group>"; };
		FC7BBBD81AE320A700126E57 /* Hot or NotTests.xctest */ = {isa = PBXFileReference; explicitFileType = wrapper.cfbundle; includeInIndex = 0; path = "Hot or NotTests.xctest"; sourceTree = BUILT_PRODUCTS_DIR; };
		FC7BBBDD1AE320A700126E57 /* Info.plist */ = {isa = PBXFileReference; lastKnownFileType = text.plist.xml; name = Info.plist; path = "Hot or NotTests/Info.plist"; sourceTree = SOURCE_ROOT; };
		FC7BBBDE1AE320A700126E57 /* Hot_or_NotTests.m */ = {isa = PBXFileReference; lastKnownFileType = sourcecode.c.objc; path = Hot_or_NotTests.m; sourceTree = "<group>"; };
		FC7BD9551AE33649002D6E64 /* Parse.framework */ = {isa = PBXFileReference; lastKnownFileType = wrapper.framework; path = Parse.framework; sourceTree = "<group>"; };
		FC7BD9571AE3365A002D6E64 /* Bolts.framework */ = {isa = PBXFileReference; lastKnownFileType = wrapper.framework; path = Bolts.framework; sourceTree = "<group>"; };
		FC7BD9591AE336EC002D6E64 /* AudioToolbox.framework */ = {isa = PBXFileReference; lastKnownFileType = wrapper.framework; name = AudioToolbox.framework; path = System/Library/Frameworks/AudioToolbox.framework; sourceTree = SDKROOT; };
		FC7BD95A1AE336EC002D6E64 /* CFNetwork.framework */ = {isa = PBXFileReference; lastKnownFileType = wrapper.framework; name = CFNetwork.framework; path = System/Library/Frameworks/CFNetwork.framework; sourceTree = SDKROOT; };
		FC7BD95D1AE336F5002D6E64 /* CoreGraphics.framework */ = {isa = PBXFileReference; lastKnownFileType = wrapper.framework; name = CoreGraphics.framework; path = System/Library/Frameworks/CoreGraphics.framework; sourceTree = SDKROOT; };
		FC7BD95F1AE33735002D6E64 /* CoreLocation.framework */ = {isa = PBXFileReference; lastKnownFileType = wrapper.framework; name = CoreLocation.framework; path = System/Library/Frameworks/CoreLocation.framework; sourceTree = SDKROOT; };
		FC7BD9611AE33744002D6E64 /* MobileCoreServices.framework */ = {isa = PBXFileReference; lastKnownFileType = wrapper.framework; name = MobileCoreServices.framework; path = System/Library/Frameworks/MobileCoreServices.framework; sourceTree = SDKROOT; };
		FC7BD9631AE3374D002D6E64 /* QuartzCore.framework */ = {isa = PBXFileReference; lastKnownFileType = wrapper.framework; name = QuartzCore.framework; path = System/Library/Frameworks/QuartzCore.framework; sourceTree = SDKROOT; };
		FC7BD9651AE33759002D6E64 /* Security.framework */ = {isa = PBXFileReference; lastKnownFileType = wrapper.framework; name = Security.framework; path = System/Library/Frameworks/Security.framework; sourceTree = SDKROOT; };
		FC7BD9691AE33773002D6E64 /* SystemConfiguration.framework */ = {isa = PBXFileReference; lastKnownFileType = wrapper.framework; name = SystemConfiguration.framework; path = System/Library/Frameworks/SystemConfiguration.framework; sourceTree = SDKROOT; };
		FC7BD96B1AE33791002D6E64 /* libz.dylib */ = {isa = PBXFileReference; lastKnownFileType = "compiled.mach-o.dylib"; name = libz.dylib; path = usr/lib/libz.dylib; sourceTree = SDKROOT; };
		FC7BD96D1AE337A5002D6E64 /* libsqlite3.dylib */ = {isa = PBXFileReference; lastKnownFileType = "compiled.mach-o.dylib"; name = libsqlite3.dylib; path = usr/lib/libsqlite3.dylib; sourceTree = SDKROOT; };
		FCD7FB161AE40903007F933B /* tfss-05776168-01a9-47ff-9218-ac3577467c9e.png */ = {isa = PBXFileReference; lastKnownFileType = image.png; path = "tfss-05776168-01a9-47ff-9218-ac3577467c9e.png"; sourceTree = "<group>"; };
		FCD7FB181AE40A3E007F933B /* tfss-c22dcb3c-5d8a-4d39-a827-9d1ef6097a86.png */ = {isa = PBXFileReference; lastKnownFileType = image.png; path = "tfss-c22dcb3c-5d8a-4d39-a827-9d1ef6097a86.png"; sourceTree = "<group>"; };
		FCD7FB1A1AE412E1007F933B /* Wonder-50-Chili-Pepper-Static-Image.jpg */ = {isa = PBXFileReference; lastKnownFileType = image.jpeg; path = "Wonder-50-Chili-Pepper-Static-Image.jpg"; sourceTree = "<group>"; };
/* End PBXFileReference section */

/* Begin PBXFrameworksBuildPhase section */
		FC7BBBBC1AE320A700126E57 /* Frameworks */ = {
			isa = PBXFrameworksBuildPhase;
			buildActionMask = 2147483647;
			files = (
				FC7BD96E1AE337A5002D6E64 /* libsqlite3.dylib in Frameworks */,
				FC7BD96C1AE33791002D6E64 /* libz.dylib in Frameworks */,
				FC7BD96A1AE33773002D6E64 /* SystemConfiguration.framework in Frameworks */,
				FC7BD9661AE33759002D6E64 /* Security.framework in Frameworks */,
				FC7BD9641AE3374D002D6E64 /* QuartzCore.framework in Frameworks */,
				FC7BD9621AE33744002D6E64 /* MobileCoreServices.framework in Frameworks */,
				FC7BD9601AE33735002D6E64 /* CoreLocation.framework in Frameworks */,
				FC7BD95E1AE336F5002D6E64 /* CoreGraphics.framework in Frameworks */,
				FC7BD95B1AE336EC002D6E64 /* AudioToolbox.framework in Frameworks */,
				FC7BD95C1AE336EC002D6E64 /* CFNetwork.framework in Frameworks */,
				FC7BD9561AE33649002D6E64 /* Parse.framework in Frameworks */,
				FC7BD9581AE3365A002D6E64 /* Bolts.framework in Frameworks */,
				FC57B31A1AE3B7CB00875B06 /* ParseUI.framework in Frameworks */,
			);
			runOnlyForDeploymentPostprocessing = 0;
		};
		FC7BBBD51AE320A700126E57 /* Frameworks */ = {
			isa = PBXFrameworksBuildPhase;
			buildActionMask = 2147483647;
			files = (
			);
			runOnlyForDeploymentPostprocessing = 0;
		};
/* End PBXFrameworksBuildPhase section */

/* Begin PBXGroup section */
		FC2528741AE3638B00DBF9AE /* Pictures */ = {
			isa = PBXGroup;
			children = (
				FCD7FB1A1AE412E1007F933B /* Wonder-50-Chili-Pepper-Static-Image.jpg */,
				FC57B3301AE3DE9600875B06 /* Russell.jpg */,
				FCD7FB161AE40903007F933B /* tfss-05776168-01a9-47ff-9218-ac3577467c9e.png */,
				FCD7FB181AE40A3E007F933B /* tfss-c22dcb3c-5d8a-4d39-a827-9d1ef6097a86.png */,
				FC2528721AE3637000DBF9AE /* IMG_0369.jpg */,
			);
			name = Pictures;
			path = "Hot or Not";
			sourceTree = "<group>";
		};
		FC7BBBB61AE320A700126E57 = {
			isa = PBXGroup;
			children = (
				FC57B3191AE3B7CB00875B06 /* ParseUI.framework */,
				FC2528781AE3675700DBF9AE /* Default-568h@2x.png */,
				FC2528741AE3638B00DBF9AE /* Pictures */,
				FC7BD96D1AE337A5002D6E64 /* libsqlite3.dylib */,
				FC7BD96B1AE33791002D6E64 /* libz.dylib */,
				FC7BD9691AE33773002D6E64 /* SystemConfiguration.framework */,
				FC7BD9651AE33759002D6E64 /* Security.framework */,
				FC7BD9631AE3374D002D6E64 /* QuartzCore.framework */,
				FC7BD9611AE33744002D6E64 /* MobileCoreServices.framework */,
				FC7BD95F1AE33735002D6E64 /* CoreLocation.framework */,
				FC7BD95D1AE336F5002D6E64 /* CoreGraphics.framework */,
				FC7BD9591AE336EC002D6E64 /* AudioToolbox.framework */,
				FC7BD95A1AE336EC002D6E64 /* CFNetwork.framework */,
				FC7BD9571AE3365A002D6E64 /* Bolts.framework */,
				FC7BBBC11AE320A700126E57 /* Hot or Not */,
				FC7BBBDB1AE320A700126E57 /* Hot or NotTests */,
				FC7BBBC01AE320A700126E57 /* Products */,
				FC7BD9551AE33649002D6E64 /* Parse.framework */,
			);
			sourceTree = "<group>";
		};
		FC7BBBC01AE320A700126E57 /* Products */ = {
			isa = PBXGroup;
			children = (
				FC7BBBBF1AE320A700126E57 /* Hot or Not.app */,
				FC7BBBD81AE320A700126E57 /* Hot or NotTests.xctest */,
			);
			name = Products;
			sourceTree = "<group>";
		};
		FC7BBBC11AE320A700126E57 /* Hot or Not */ = {
			isa = PBXGroup;
			children = (
				FC7BBBC61AE320A700126E57 /* AppDelegate.h */,
				FC7BBBC71AE320A700126E57 /* AppDelegate.m */,
				FC7BBBCF1AE320A700126E57 /* Images.xcassets */,
				FC1594B91AE36F8700F5E7F0 /* Info.plist */,
				FC7BBBD11AE320A700126E57 /* LaunchScreen.xib */,
				FC3946E51AE370D100BD983E /* main.m */,
				FC7BBBCC1AE320A700126E57 /* Main.storyboard */,
				FC57B32D1AE3CEDF00875B06 /* HotPersonViewController.h */,
				FC57B32E1AE3CEDF00875B06 /* HotPersonViewController.m */,
				FC3946E71AE3A90400BD983E /* RateViewController.h */,
				FC57B3171AE3ABA000875B06 /* RateViewController.m */,
				FC7BBBC91AE320A700126E57 /* ViewController.h */,
				FC7BBBCA1AE320A700126E57 /* ViewController.m */,
			);
			path = "Hot or Not";
			sourceTree = "<group>";
		};
		FC7BBBDB1AE320A700126E57 /* Hot or NotTests */ = {
			isa = PBXGroup;
			children = (
				FC7BBBDD1AE320A700126E57 /* Info.plist */,
				FC7BBBDE1AE320A700126E57 /* Hot_or_NotTests.m */,
			);
			path = "Hot or NotTests";
			sourceTree = "<group>";
		};
/* End PBXGroup section */

/* Begin PBXNativeTarget section */
		FC7BBBBE1AE320A700126E57 /* Hot or Not */ = {
			isa = PBXNativeTarget;
			buildConfigurationList = FC7BBBE21AE320A700126E57 /* Build configuration list for PBXNativeTarget "Hot or Not" */;
			buildPhases = (
				FC7BBBBB1AE320A700126E57 /* Sources */,
				FC7BBBBC1AE320A700126E57 /* Frameworks */,
				FC7BBBBD1AE320A700126E57 /* Resources */,
			);
			buildRules = (
			);
			dependencies = (
			);
			name = "Hot or Not";
			productName = "Hot or Not";
			productReference = FC7BBBBF1AE320A700126E57 /* Hot or Not.app */;
			productType = "com.apple.product-type.application";
		};
		FC7BBBD71AE320A700126E57 /* Hot or NotTests */ = {
			isa = PBXNativeTarget;
			buildConfigurationList = FC7BBBE51AE320A700126E57 /* Build configuration list for PBXNativeTarget "Hot or NotTests" */;
			buildPhases = (
				FC7BBBD41AE320A700126E57 /* Sources */,
				FC7BBBD51AE320A700126E57 /* Frameworks */,
				FC7BBBD61AE320A700126E57 /* Resources */,
			);
			buildRules = (
			);
			dependencies = (
				FC7BBBDA1AE320A700126E57 /* PBXTargetDependency */,
			);
			name = "Hot or NotTests";
			productName = "Hot or NotTests";
			productReference = FC7BBBD81AE320A700126E57 /* Hot or NotTests.xctest */;
			productType = "com.apple.product-type.bundle.unit-test";
		};
/* End PBXNativeTarget section */

/* Begin PBXProject section */
		FC7BBBB71AE320A700126E57 /* Project object */ = {
			isa = PBXProject;
			attributes = {
				LastUpgradeCheck = 0630;
				ORGANIZATIONNAME = "Walk To The Top";
				TargetAttributes = {
					FC7BBBBE1AE320A700126E57 = {
						CreatedOnToolsVersion = 6.3;
						DevelopmentTeam = 6F8XFHJ992;
						SystemCapabilities = {
							com.apple.InAppPurchase = {
								enabled = 0;
							};
						};
					};
					FC7BBBD71AE320A700126E57 = {
						CreatedOnToolsVersion = 6.3;
					};
				};
			};
			buildConfigurationList = FC7BBBBA1AE320A700126E57 /* Build configuration list for PBXProject "Hot or Not" */;
			compatibilityVersion = "Xcode 3.2";
			developmentRegion = English;
			hasScannedForEncodings = 0;
			knownRegions = (
				en,
				Base,
			);
			mainGroup = FC7BBBB61AE320A700126E57;
			productRefGroup = FC7BBBC01AE320A700126E57 /* Products */;
			projectDirPath = "";
			projectRoot = "";
			targets = (
				FC7BBBBE1AE320A700126E57 /* Hot or Not */,
				FC7BBBD71AE320A700126E57 /* Hot or NotTests */,
			);
		};
/* End PBXProject section */

/* Begin PBXResourcesBuildPhase section */
		FC7BBBBD1AE320A700126E57 /* Resources */ = {
			isa = PBXResourcesBuildPhase;
			buildActionMask = 2147483647;
			files = (
				FC7BBBCE1AE320A700126E57 /* Main.storyboard in Resources */,
				FC2528731AE3637000DBF9AE /* IMG_0369.jpg in Resources */,
				FC1594BA1AE36F8700F5E7F0 /* Info.plist in Resources */,
				FCD7FB1B1AE412E1007F933B /* Wonder-50-Chili-Pepper-Static-Image.jpg in Resources */,
				FCD7FB171AE40903007F933B /* tfss-05776168-01a9-47ff-9218-ac3577467c9e.png in Resources */,
				FC7BBBD31AE320A700126E57 /* LaunchScreen.xib in Resources */,
				FCD7FB191AE40A3E007F933B /* tfss-c22dcb3c-5d8a-4d39-a827-9d1ef6097a86.png in Resources */,
				FC2528791AE3675700DBF9AE /* Default-568h@2x.png in Resources */,
				FC57B3311AE3DE9600875B06 /* Russell.jpg in Resources */,
				FC7BBBD01AE320A700126E57 /* Images.xcassets in Resources */,
			);
			runOnlyForDeploymentPostprocessing = 0;
		};
		FC7BBBD61AE320A700126E57 /* Resources */ = {
			isa = PBXResourcesBuildPhase;
			buildActionMask = 2147483647;
			files = (
			);
			runOnlyForDeploymentPostprocessing = 0;
		};
/* End PBXResourcesBuildPhase section */

/* Begin PBXSourcesBuildPhase section */
		FC7BBBBB1AE320A700126E57 /* Sources */ = {
			isa = PBXSourcesBuildPhase;
			buildActionMask = 2147483647;
			files = (
				FC7BBBCB1AE320A700126E57 /* ViewController.m in Sources */,
				FC3946E61AE370D100BD983E /* main.m in Sources */,
				FC57B32F1AE3CEDF00875B06 /* HotPersonViewController.m in Sources */,
				FC57B3181AE3ABA000875B06 /* RateViewController.m in Sources */,
				FC7BBBC81AE320A700126E57 /* AppDelegate.m in Sources */,
			);
			runOnlyForDeploymentPostprocessing = 0;
		};
		FC7BBBD41AE320A700126E57 /* Sources */ = {
			isa = PBXSourcesBuildPhase;
			buildActionMask = 2147483647;
			files = (
				FC7BBBDF1AE320A700126E57 /* Hot_or_NotTests.m in Sources */,
			);
			runOnlyForDeploymentPostprocessing = 0;
		};
/* End PBXSourcesBuildPhase section */

/* Begin PBXTargetDependency section */
		FC7BBBDA1AE320A700126E57 /* PBXTargetDependency */ = {
			isa = PBXTargetDependency;
			target = FC7BBBBE1AE320A700126E57 /* Hot or Not */;
			targetProxy = FC7BBBD91AE320A700126E57 /* PBXContainerItemProxy */;
		};
/* End PBXTargetDependency section */

/* Begin PBXVariantGroup section */
		FC7BBBCC1AE320A700126E57 /* Main.storyboard */ = {
			isa = PBXVariantGroup;
			children = (
				FC7BBBCD1AE320A700126E57 /* Base */,
			);
			name = Main.storyboard;
			sourceTree = "<group>";
		};
		FC7BBBD11AE320A700126E57 /* LaunchScreen.xib */ = {
			isa = PBXVariantGroup;
			children = (
				FC7BBBD21AE320A700126E57 /* Base */,
			);
			name = LaunchScreen.xib;
			sourceTree = "<group>";
		};
/* End PBXVariantGroup section */

/* Begin XCBuildConfiguration section */
		FC7BBBE01AE320A700126E57 /* Debug */ = {
			isa = XCBuildConfiguration;
			buildSettings = {
				ALWAYS_SEARCH_USER_PATHS = NO;
				CLANG_CXX_LANGUAGE_STANDARD = "gnu++0x";
				CLANG_CXX_LIBRARY = "libc++";
				CLANG_ENABLE_MODULES = YES;
				CLANG_ENABLE_OBJC_ARC = YES;
				CLANG_WARN_BOOL_CONVERSION = YES;
				CLANG_WARN_CONSTANT_CONVERSION = YES;
				CLANG_WARN_DIRECT_OBJC_ISA_USAGE = YES_ERROR;
				CLANG_WARN_EMPTY_BODY = YES;
				CLANG_WARN_ENUM_CONVERSION = YES;
				CLANG_WARN_INT_CONVERSION = YES;
				CLANG_WARN_OBJC_ROOT_CLASS = YES_ERROR;
				CLANG_WARN_UNREACHABLE_CODE = YES;
				CLANG_WARN__DUPLICATE_METHOD_MATCH = YES;
				"CODE_SIGN_IDENTITY[sdk=iphoneos*]" = "iPhone Developer";
				COPY_PHASE_STRIP = NO;
				DEBUG_INFORMATION_FORMAT = "dwarf-with-dsym";
				ENABLE_STRICT_OBJC_MSGSEND = YES;
				GCC_C_LANGUAGE_STANDARD = gnu99;
				GCC_DYNAMIC_NO_PIC = NO;
				GCC_NO_COMMON_BLOCKS = YES;
				GCC_OPTIMIZATION_LEVEL = 0;
				GCC_PREPROCESSOR_DEFINITIONS = (
					"DEBUG=1",
					"$(inherited)",
				);
				GCC_SYMBOLS_PRIVATE_EXTERN = NO;
				GCC_WARN_64_TO_32_BIT_CONVERSION = YES;
				GCC_WARN_ABOUT_RETURN_TYPE = YES_ERROR;
				GCC_WARN_UNDECLARED_SELECTOR = YES;
				GCC_WARN_UNINITIALIZED_AUTOS = YES_AGGRESSIVE;
				GCC_WARN_UNUSED_FUNCTION = YES;
				GCC_WARN_UNUSED_VARIABLE = YES;
				IPHONEOS_DEPLOYMENT_TARGET = 8.3;
				MTL_ENABLE_DEBUG_INFO = YES;
				ONLY_ACTIVE_ARCH = YES;
				SDKROOT = iphoneos;
			};
			name = Debug;
		};
		FC7BBBE11AE320A700126E57 /* Release */ = {
			isa = XCBuildConfiguration;
			buildSettings = {
				ALWAYS_SEARCH_USER_PATHS = NO;
				CLANG_CXX_LANGUAGE_STANDARD = "gnu++0x";
				CLANG_CXX_LIBRARY = "libc++";
				CLANG_ENABLE_MODULES = YES;
				CLANG_ENABLE_OBJC_ARC = YES;
				CLANG_WARN_BOOL_CONVERSION = YES;
				CLANG_WARN_CONSTANT_CONVERSION = YES;
				CLANG_WARN_DIRECT_OBJC_ISA_USAGE = YES_ERROR;
				CLANG_WARN_EMPTY_BODY = YES;
				CLANG_WARN_ENUM_CONVERSION = YES;
				CLANG_WARN_INT_CONVERSION = YES;
				CLANG_WARN_OBJC_ROOT_CLASS = YES_ERROR;
				CLANG_WARN_UNREACHABLE_CODE = YES;
				CLANG_WARN__DUPLICATE_METHOD_MATCH = YES;
				"CODE_SIGN_IDENTITY[sdk=iphoneos*]" = "iPhone Developer";
				COPY_PHASE_STRIP = NO;
				DEBUG_INFORMATION_FORMAT = "dwarf-with-dsym";
				ENABLE_NS_ASSERTIONS = NO;
				ENABLE_STRICT_OBJC_MSGSEND = YES;
				GCC_C_LANGUAGE_STANDARD = gnu99;
				GCC_NO_COMMON_BLOCKS = YES;
				GCC_WARN_64_TO_32_BIT_CONVERSION = YES;
				GCC_WARN_ABOUT_RETURN_TYPE = YES_ERROR;
				GCC_WARN_UNDECLARED_SELECTOR = YES;
				GCC_WARN_UNINITIALIZED_AUTOS = YES_AGGRESSIVE;
				GCC_WARN_UNUSED_FUNCTION = YES;
				GCC_WARN_UNUSED_VARIABLE = YES;
				IPHONEOS_DEPLOYMENT_TARGET = 8.3;
				MTL_ENABLE_DEBUG_INFO = NO;
				SDKROOT = iphoneos;
				VALIDATE_PRODUCT = YES;
			};
			name = Release;
		};
		FC7BBBE31AE320A700126E57 /* Debug */ = {
			isa = XCBuildConfiguration;
			buildSettings = {
				ASSETCATALOG_COMPILER_APPICON_NAME = AppIcon;
				CODE_SIGN_IDENTITY = "iPhone Developer";
				FRAMEWORK_SEARCH_PATHS = (
					"$(inherited)",
					"$(PROJECT_DIR)",
				);
				INFOPLIST_FILE = "$(SRCROOT)/Hot or NotTests/Info.plist";
				LD_RUNPATH_SEARCH_PATHS = "$(inherited) @executable_path/Frameworks";
				PRODUCT_NAME = "$(TARGET_NAME)";
				TARGETED_DEVICE_FAMILY = 1;
			};
			name = Debug;
		};
		FC7BBBE41AE320A700126E57 /* Release */ = {
			isa = XCBuildConfiguration;
			buildSettings = {
				ASSETCATALOG_COMPILER_APPICON_NAME = AppIcon;
				CODE_SIGN_IDENTITY = "iPhone Developer";
				FRAMEWORK_SEARCH_PATHS = (
					"$(inherited)",
					"$(PROJECT_DIR)",
				);
				INFOPLIST_FILE = "$(SRCROOT)/Hot or NotTests/Info.plist";
				LD_RUNPATH_SEARCH_PATHS = "$(inherited) @executable_path/Frameworks";
				PRODUCT_NAME = "$(TARGET_NAME)";
				TARGETED_DEVICE_FAMILY = 1;
			};
			name = Release;
		};
		FC7BBBE61AE320A700126E57 /* Debug */ = {
			isa = XCBuildConfiguration;
			buildSettings = {
				FRAMEWORK_SEARCH_PATHS = (
					"$(SDKROOT)/Developer/Library/Frameworks",
					"$(inherited)",
				);
				GCC_PREPROCESSOR_DEFINITIONS = (
					"DEBUG=1",
					"$(inherited)",
				);
				INFOPLIST_FILE = "Hot or NotTests/Info.plist";
				LD_RUNPATH_SEARCH_PATHS = "$(inherited) @executable_path/Frameworks @loader_path/Frameworks";
				PRODUCT_NAME = "$(TARGET_NAME)";
			};
			name = Debug;
		};
		FC7BBBE71AE320A700126E57 /* Release */ = {
			isa = XCBuildConfiguration;
			buildSettings = {
				FRAMEWORK_SEARCH_PATHS = (
					"$(SDKROOT)/Developer/Library/Frameworks",
					"$(inherited)",
				);
				INFOPLIST_FILE = "Hot or NotTests/Info.plist";
				LD_RUNPATH_SEARCH_PATHS = "$(inherited) @executable_path/Frameworks @loader_path/Frameworks";
				PRODUCT_NAME = "$(TARGET_NAME)";
			};
			name = Release;
		};
/* End XCBuildConfiguration section */

/* Begin XCConfigurationList section */
		FC7BBBBA1AE320A700126E57 /* Build configuration list for PBXProject "Hot or Not" */ = {
			isa = XCConfigurationList;
			buildConfigurations = (
				FC7BBBE01AE320A700126E57 /* Debug */,
				FC7BBBE11AE320A700126E57 /* Release */,
			);
			defaultConfigurationIsVisible = 0;
			defaultConfigurationName = Release;
		};
		FC7BBBE21AE320A700126E57 /* Build configuration list for PBXNativeTarget "Hot or Not" */ = {
			isa = XCConfigurationList;
			buildConfigurations = (
				FC7BBBE31AE320A700126E57 /* Debug */,
				FC7BBBE41AE320A700126E57 /* Release */,
			);
			defaultConfigurationIsVisible = 0;
			defaultConfigurationName = Release;
		};
		FC7BBBE51AE320A700126E57 /* Build configuration list for PBXNativeTarget "Hot or NotTests" */ = {
			isa = XCConfigurationList;
			buildConfigurations = (
				FC7BBBE61AE320A700126E57 /* Debug */,
				FC7BBBE71AE320A700126E57 /* Release */,
			);
			defaultConfigurationIsVisible = 0;
			defaultConfigurationName = Release;
		};
/* End XCConfigurationList section */
	};
	rootObject = FC7BBBB71AE320A700126E57 /* Project object */;
}
